<?xml version="1.0" encoding="UTF-8" standalone="yes" ?>
<CodeBlocks_project_file>
	<FileVersion major="1" minor="6" />
	<Project>
		<Option title="44848" />
		<Option pch_mode="2" />
		<Option compiler="gcc" />
		<Build>
			<Target title="Debug">
				<Option output="44848" prefix_auto="0" extension_auto="1" />
				<Option object_output="obj/Debug/" />
				<Option type="1" />
				<Option compiler="gcc" />
				<Compiler>
					<Add option="-g" />
				</Compiler>
			</Target>
			<Target title="Release">
				<Option output="44848" prefix_auto="0" extension_auto="1" />
				<Option object_output="obj/Release/" />
				<Option type="0" />
				<Option compiler="gcc" />
				<Compiler>
					<Add option="-O2" />
				</Compiler>
				<Linker>
					<Add option="-s" />
				</Linker>
			</Target>
		</Build>
		<Compiler>
			<Add option="-std=c++0x" />
			<Add option="-Wall" />
			<Add directory="../Sources" />
			<Add directory="../Sources/Devices" />
		</Compiler>
		<Unit filename="../Sources/Button.cpp" />
		<Unit filename="../Sources/Button.h" />
		<Unit filename="../Sources/Devices/Pusher.cpp" />
		<Unit filename="../Sources/Devices/Pusher.h" />
		<Unit filename="../Sources/Mecho.cpp" />
		<Unit filename="../Sources/Mecho.h" />
		<Unit filename="../Sources/Mecholets/Ball.cpp" />
		<Unit filename="../Sources/Mecholets/Beam.cpp" />
		<Unit filename="../Sources/Mecholets/Box.cpp" />
		<Unit filename="../Sources/Mecholets/Disk.cpp" />
		<Unit filename="../Sources/Mecholets/Gear.cpp" />
		<Unit filename="../Sources/Mecholets/Invisible.cpp" />
		<Unit filename="../Sources/Mecholets/Pencil.cpp" />
		<Unit filename="../Sources/Mecholets/Pillar.cpp" />
		<Unit filename="../Sources/Mecholets/Rail.cpp" />
		<Unit filename="../Sources/Mecholets/Ring.cpp" />
		<Unit filename="../Sources/Mecholets/Tube.cpp" />
		<Unit filename="../Sources/Navigation.cpp" />
		<Unit filename="../Sources/Navigation.h" />
		<Unit filename="../Sources/stb_image.cpp" />
		<Unit filename="../Sources/stb_image.h" />
		<Unit filename="44848.cpp" />
		<Extensions>
			<code_completion />
			<debugger />
			<DoxyBlocks>
				<comment_style block="0" line="0" />
				<doxyfile_project />
				<doxyfile_build />
				<doxyfile_warnings />
				<doxyfile_output />
				<doxyfile_dot />
				<general />
			</DoxyBlocks>
			<envvars />
		</Extensions>
	</Project>
</CodeBlocks_project_file>
